// !$*UTF8*$!
{
	archiveVersion = 1;
	classes = {
	};
	objectVersion = 46;
	objects = {

/* Begin PBXBuildFile section */
		0BFB230D75581BB97418DE5B /* Pods_OverwatchCounters.framework in Frameworks */ = {isa = PBXBuildFile; fileRef = C0FE8FFA6D6EED19187E59CB /* Pods_OverwatchCounters.framework */; };
		60009CC61F1CC7ED00CBD841 /* big_noodle_titling.ttf in Resources */ = {isa = PBXBuildFile; fileRef = 60009CC51F1CC7ED00CBD841 /* big_noodle_titling.ttf */; };
		60009CC81F1CC80400CBD841 /* big_noodle_titling_oblique.ttf in Resources */ = {isa = PBXBuildFile; fileRef = 60009CC71F1CC80400CBD841 /* big_noodle_titling_oblique.ttf */; };
		601B355F1F1C8BD800BAE388 /* OverwatchCountersTests.swift in Sources */ = {isa = PBXBuildFile; fileRef = 601B355E1F1C8BD800BAE388 /* OverwatchCountersTests.swift */; };
		6029B1CC1F0A0B42005FF826 /* MainScreenViewController.swift in Sources */ = {isa = PBXBuildFile; fileRef = 6029B1CB1F0A0B42005FF826 /* MainScreenViewController.swift */; };
		6029B1CE1F0A1826005FF826 /* HeroTableViewCell.swift in Sources */ = {isa = PBXBuildFile; fileRef = 6029B1CD1F0A1826005FF826 /* HeroTableViewCell.swift */; };
		603102C61F08A2C400A77BD3 /* CloudKit.framework in Frameworks */ = {isa = PBXBuildFile; fileRef = 603102C51F08A2C400A77BD3 /* CloudKit.framework */; };
		603102EA1F08F8C900A77BD3 /* OWCounters.xcdatamodeld in Sources */ = {isa = PBXBuildFile; fileRef = 603102E81F08F8C900A77BD3 /* OWCounters.xcdatamodeld */; };
		603102EC1F09CD4000A77BD3 /* DataController.swift in Sources */ = {isa = PBXBuildFile; fileRef = 603102EB1F09CD4000A77BD3 /* DataController.swift */; };
		608209851EFA6A9700FE51AC /* CircleView.swift in Sources */ = {isa = PBXBuildFile; fileRef = 608209841EFA6A9700FE51AC /* CircleView.swift */; };
		60AA74861EFA6748003A04C3 /* AppDelegate.swift in Sources */ = {isa = PBXBuildFile; fileRef = 60AA74851EFA6748003A04C3 /* AppDelegate.swift */; };
		60AA74881EFA6748003A04C3 /* ViewController.swift in Sources */ = {isa = PBXBuildFile; fileRef = 60AA74871EFA6748003A04C3 /* ViewController.swift */; };
		60AA748B1EFA6748003A04C3 /* Main.storyboard in Resources */ = {isa = PBXBuildFile; fileRef = 60AA74891EFA6748003A04C3 /* Main.storyboard */; };
		60AA748D1EFA6748003A04C3 /* Assets.xcassets in Resources */ = {isa = PBXBuildFile; fileRef = 60AA748C1EFA6748003A04C3 /* Assets.xcassets */; };
		60AA74901EFA6748003A04C3 /* LaunchScreen.storyboard in Resources */ = {isa = PBXBuildFile; fileRef = 60AA748E1EFA6748003A04C3 /* LaunchScreen.storyboard */; };
		60AA74981EFA67A4003A04C3 /* SplashScreenViewController.swift in Sources */ = {isa = PBXBuildFile; fileRef = 60AA74971EFA67A4003A04C3 /* SplashScreenViewController.swift */; };
		60D6F6B71F15C1AA003886EC /* Measure.swift in Sources */ = {isa = PBXBuildFile; fileRef = 60D6F6B61F15C1AA003886EC /* Measure.swift */; };
		60D7DBA41F061AD80019F0E3 /* MainScreen.storyboard in Resources */ = {isa = PBXBuildFile; fileRef = 60D7DBA31F061AD80019F0E3 /* MainScreen.storyboard */; };
		60E5D4FE1F0D93A30032F107 /* HeroDetail.storyboard in Resources */ = {isa = PBXBuildFile; fileRef = 60E5D4FD1F0D93A30032F107 /* HeroDetail.storyboard */; };
		60E5D5001F0D951A0032F107 /* HeroDetailViewController.swift in Sources */ = {isa = PBXBuildFile; fileRef = 60E5D4FF1F0D951A0032F107 /* HeroDetailViewController.swift */; };
		60E5D5021F0D96940032F107 /* HeroDetailCollectionViewCell.swift in Sources */ = {isa = PBXBuildFile; fileRef = 60E5D5011F0D96940032F107 /* HeroDetailCollectionViewCell.swift */; };
		60E5D5051F0D96AD0032F107 /* HeroDetailView.xib in Resources */ = {isa = PBXBuildFile; fileRef = 60E5D5041F0D96AD0032F107 /* HeroDetailView.xib */; };
		60E5D5071F146C590032F107 /* HeroCircleView.swift in Sources */ = {isa = PBXBuildFile; fileRef = 60E5D5061F146C590032F107 /* HeroCircleView.swift */; };
/* End PBXBuildFile section */

/* Begin PBXContainerItemProxy section */
		601B35611F1C8BD800BAE388 /* PBXContainerItemProxy */ = {
			isa = PBXContainerItemProxy;
			containerPortal = 60AA747A1EFA6747003A04C3 /* Project object */;
			proxyType = 1;
			remoteGlobalIDString = 60AA74811EFA6748003A04C3;
			remoteInfo = OverwatchCounters;
		};
/* End PBXContainerItemProxy section */

/* Begin PBXFileReference section */
		060D8128E9AA70CE791CDDBD /* Pods-OverwatchCounters.debug.xcconfig */ = {isa = PBXFileReference; includeInIndex = 1; lastKnownFileType = text.xcconfig; name = "Pods-OverwatchCounters.debug.xcconfig"; path = "Pods/Target Support Files/Pods-OverwatchCounters/Pods-OverwatchCounters.debug.xcconfig"; sourceTree = "<group>"; };
		60009CC51F1CC7ED00CBD841 /* big_noodle_titling.ttf */ = {isa = PBXFileReference; lastKnownFileType = file; path = big_noodle_titling.ttf; sourceTree = "<group>"; };
		60009CC71F1CC80400CBD841 /* big_noodle_titling_oblique.ttf */ = {isa = PBXFileReference; lastKnownFileType = file; path = big_noodle_titling_oblique.ttf; sourceTree = "<group>"; };
		601B355C1F1C8BD800BAE388 /* OverwatchCountersTests.xctest */ = {isa = PBXFileReference; explicitFileType = wrapper.cfbundle; includeInIndex = 0; path = OverwatchCountersTests.xctest; sourceTree = BUILT_PRODUCTS_DIR; };
		601B355E1F1C8BD800BAE388 /* OverwatchCountersTests.swift */ = {isa = PBXFileReference; lastKnownFileType = sourcecode.swift; path = OverwatchCountersTests.swift; sourceTree = "<group>"; };
		601B35601F1C8BD800BAE388 /* Info.plist */ = {isa = PBXFileReference; lastKnownFileType = text.plist.xml; path = Info.plist; sourceTree = "<group>"; };
		6029B1CB1F0A0B42005FF826 /* MainScreenViewController.swift */ = {isa = PBXFileReference; fileEncoding = 4; lastKnownFileType = sourcecode.swift; path = MainScreenViewController.swift; sourceTree = "<group>"; };
		6029B1CD1F0A1826005FF826 /* HeroTableViewCell.swift */ = {isa = PBXFileReference; fileEncoding = 4; lastKnownFileType = sourcecode.swift; path = HeroTableViewCell.swift; sourceTree = "<group>"; };
		603102C41F08A2BF00A77BD3 /* OverwatchCounters.entitlements */ = {isa = PBXFileReference; lastKnownFileType = text.plist.entitlements; path = OverwatchCounters.entitlements; sourceTree = "<group>"; };
		603102C51F08A2C400A77BD3 /* CloudKit.framework */ = {isa = PBXFileReference; lastKnownFileType = wrapper.framework; name = CloudKit.framework; path = System/Library/Frameworks/CloudKit.framework; sourceTree = SDKROOT; };
		603102E91F08F8C900A77BD3 /* OWCounters.xcdatamodel */ = {isa = PBXFileReference; lastKnownFileType = wrapper.xcdatamodel; path = OWCounters.xcdatamodel; sourceTree = "<group>"; };
		603102EB1F09CD4000A77BD3 /* DataController.swift */ = {isa = PBXFileReference; fileEncoding = 4; lastKnownFileType = sourcecode.swift; path = DataController.swift; sourceTree = "<group>"; };
		608209841EFA6A9700FE51AC /* CircleView.swift */ = {isa = PBXFileReference; lastKnownFileType = sourcecode.swift; path = CircleView.swift; sourceTree = "<group>"; };
		60AA74821EFA6748003A04C3 /* OverwatchCounters.app */ = {isa = PBXFileReference; explicitFileType = wrapper.application; includeInIndex = 0; path = OverwatchCounters.app; sourceTree = BUILT_PRODUCTS_DIR; };
		60AA74851EFA6748003A04C3 /* AppDelegate.swift */ = {isa = PBXFileReference; lastKnownFileType = sourcecode.swift; path = AppDelegate.swift; sourceTree = "<group>"; };
		60AA74871EFA6748003A04C3 /* ViewController.swift */ = {isa = PBXFileReference; lastKnownFileType = sourcecode.swift; path = ViewController.swift; sourceTree = "<group>"; };
		60AA748A1EFA6748003A04C3 /* Base */ = {isa = PBXFileReference; lastKnownFileType = file.storyboard; name = Base; path = Base.lproj/Main.storyboard; sourceTree = "<group>"; };
		60AA748C1EFA6748003A04C3 /* Assets.xcassets */ = {isa = PBXFileReference; lastKnownFileType = folder.assetcatalog; path = Assets.xcassets; sourceTree = "<group>"; };
		60AA748F1EFA6748003A04C3 /* Base */ = {isa = PBXFileReference; lastKnownFileType = file.storyboard; name = Base; path = Base.lproj/LaunchScreen.storyboard; sourceTree = "<group>"; };
		60AA74911EFA6748003A04C3 /* Info.plist */ = {isa = PBXFileReference; lastKnownFileType = text.plist.xml; path = Info.plist; sourceTree = "<group>"; };
		60AA74971EFA67A4003A04C3 /* SplashScreenViewController.swift */ = {isa = PBXFileReference; fileEncoding = 4; lastKnownFileType = sourcecode.swift; path = SplashScreenViewController.swift; sourceTree = "<group>"; };
		60D6F6B61F15C1AA003886EC /* Measure.swift */ = {isa = PBXFileReference; fileEncoding = 4; lastKnownFileType = sourcecode.swift; path = Measure.swift; sourceTree = "<group>"; };
		60D7DBA31F061AD80019F0E3 /* MainScreen.storyboard */ = {isa = PBXFileReference; fileEncoding = 4; lastKnownFileType = file.storyboard; path = MainScreen.storyboard; sourceTree = "<group>"; };
		60E5D4FD1F0D93A30032F107 /* HeroDetail.storyboard */ = {isa = PBXFileReference; fileEncoding = 4; lastKnownFileType = file.storyboard; path = HeroDetail.storyboard; sourceTree = "<group>"; };
		60E5D4FF1F0D951A0032F107 /* HeroDetailViewController.swift */ = {isa = PBXFileReference; fileEncoding = 4; lastKnownFileType = sourcecode.swift; path = HeroDetailViewController.swift; sourceTree = "<group>"; };
		60E5D5011F0D96940032F107 /* HeroDetailCollectionViewCell.swift */ = {isa = PBXFileReference; fileEncoding = 4; lastKnownFileType = sourcecode.swift; path = HeroDetailCollectionViewCell.swift; sourceTree = "<group>"; };
		60E5D5041F0D96AD0032F107 /* HeroDetailView.xib */ = {isa = PBXFileReference; fileEncoding = 4; lastKnownFileType = file.xib; path = HeroDetailView.xib; sourceTree = "<group>"; };
		60E5D5061F146C590032F107 /* HeroCircleView.swift */ = {isa = PBXFileReference; fileEncoding = 4; lastKnownFileType = sourcecode.swift; path = HeroCircleView.swift; sourceTree = "<group>"; };
		8706915B8F2B6FC5B880976C /* Pods-OverwatchCounters.release.xcconfig */ = {isa = PBXFileReference; includeInIndex = 1; lastKnownFileType = text.xcconfig; name = "Pods-OverwatchCounters.release.xcconfig"; path = "Pods/Target Support Files/Pods-OverwatchCounters/Pods-OverwatchCounters.release.xcconfig"; sourceTree = "<group>"; };
		C0FE8FFA6D6EED19187E59CB /* Pods_OverwatchCounters.framework */ = {isa = PBXFileReference; explicitFileType = wrapper.framework; includeInIndex = 0; path = Pods_OverwatchCounters.framework; sourceTree = BUILT_PRODUCTS_DIR; };
/* End PBXFileReference section */

/* Begin PBXFrameworksBuildPhase section */
		601B35591F1C8BD800BAE388 /* Frameworks */ = {
			isa = PBXFrameworksBuildPhase;
			buildActionMask = 2147483647;
			files = (
			);
			runOnlyForDeploymentPostprocessing = 0;
		};
		60AA747F1EFA6748003A04C3 /* Frameworks */ = {
			isa = PBXFrameworksBuildPhase;
			buildActionMask = 2147483647;
			files = (
				0BFB230D75581BB97418DE5B /* Pods_OverwatchCounters.framework in Frameworks */,
				603102C61F08A2C400A77BD3 /* CloudKit.framework in Frameworks */,
			);
			runOnlyForDeploymentPostprocessing = 0;
		};
/* End PBXFrameworksBuildPhase section */

/* Begin PBXGroup section */
		471125000B130F3D81D08F8C /* Pods */ = {
			isa = PBXGroup;
			children = (
				060D8128E9AA70CE791CDDBD /* Pods-OverwatchCounters.debug.xcconfig */,
				8706915B8F2B6FC5B880976C /* Pods-OverwatchCounters.release.xcconfig */,
			);
			name = Pods;
			sourceTree = "<group>";
		};
		601B355D1F1C8BD800BAE388 /* OverwatchCountersTests */ = {
			isa = PBXGroup;
			children = (
				601B355E1F1C8BD800BAE388 /* OverwatchCountersTests.swift */,
				601B35601F1C8BD800BAE388 /* Info.plist */,
			);
			path = OverwatchCountersTests;
			sourceTree = "<group>";
		};
		6082097E1EFA693400FE51AC /* Fonts */ = {
			isa = PBXGroup;
			children = (
				60009CC71F1CC80400CBD841 /* big_noodle_titling_oblique.ttf */,
				60009CC51F1CC7ED00CBD841 /* big_noodle_titling.ttf */,
			);
			path = Fonts;
			sourceTree = "<group>";
		};
		608209831EFA6A8300FE51AC /* Custom Views */ = {
			isa = PBXGroup;
			children = (
				608209841EFA6A9700FE51AC /* CircleView.swift */,
				60E5D5011F0D96940032F107 /* HeroDetailCollectionViewCell.swift */,
			);
			path = "Custom Views";
			sourceTree = "<group>";
		};
		60AA74791EFA6747003A04C3 = {
			isa = PBXGroup;
			children = (
				60AA74841EFA6748003A04C3 /* OverwatchCounters */,
				601B355D1F1C8BD800BAE388 /* OverwatchCountersTests */,
				60AA74831EFA6748003A04C3 /* Products */,
				471125000B130F3D81D08F8C /* Pods */,
				61B6D44917445C8DA4BF6764 /* Frameworks */,
			);
			sourceTree = "<group>";
		};
		60AA74831EFA6748003A04C3 /* Products */ = {
			isa = PBXGroup;
			children = (
				60AA74821EFA6748003A04C3 /* OverwatchCounters.app */,
				601B355C1F1C8BD800BAE388 /* OverwatchCountersTests.xctest */,
			);
			name = Products;
			sourceTree = "<group>";
		};
		60AA74841EFA6748003A04C3 /* OverwatchCounters */ = {
			isa = PBXGroup;
			children = (
				60E5D5031F0D96A00032F107 /* Xibs */,
				603102C41F08A2BF00A77BD3 /* OverwatchCounters.entitlements */,
				60D7DBA51F061ADE0019F0E3 /* Storyboards */,
				608209831EFA6A8300FE51AC /* Custom Views */,
				6082097E1EFA693400FE51AC /* Fonts */,
				60AA74991EFA682B003A04C3 /* Controllers */,
				60AA74851EFA6748003A04C3 /* AppDelegate.swift */,
				60AA74871EFA6748003A04C3 /* ViewController.swift */,
				60AA748C1EFA6748003A04C3 /* Assets.xcassets */,
				60AA748E1EFA6748003A04C3 /* LaunchScreen.storyboard */,
				60AA74911EFA6748003A04C3 /* Info.plist */,
				603102E81F08F8C900A77BD3 /* OWCounters.xcdatamodeld */,
				6029B1CD1F0A1826005FF826 /* HeroTableViewCell.swift */,
				60D6F6B61F15C1AA003886EC /* Measure.swift */,
			);
			path = OverwatchCounters;
			sourceTree = "<group>";
		};
		60AA74991EFA682B003A04C3 /* Controllers */ = {
			isa = PBXGroup;
			children = (
				60AA74971EFA67A4003A04C3 /* SplashScreenViewController.swift */,
				603102EB1F09CD4000A77BD3 /* DataController.swift */,
				6029B1CB1F0A0B42005FF826 /* MainScreenViewController.swift */,
				60E5D4FF1F0D951A0032F107 /* HeroDetailViewController.swift */,
			);
			name = Controllers;
			sourceTree = "<group>";
		};
		60D7DBA51F061ADE0019F0E3 /* Storyboards */ = {
			isa = PBXGroup;
			children = (
				60D7DBA31F061AD80019F0E3 /* MainScreen.storyboard */,
				60AA74891EFA6748003A04C3 /* Main.storyboard */,
				60E5D4FD1F0D93A30032F107 /* HeroDetail.storyboard */,
			);
			name = Storyboards;
			sourceTree = "<group>";
		};
		60E5D5031F0D96A00032F107 /* Xibs */ = {
			isa = PBXGroup;
			children = (
				60E5D5041F0D96AD0032F107 /* HeroDetailView.xib */,
				60E5D5061F146C590032F107 /* HeroCircleView.swift */,
			);
			name = Xibs;
			sourceTree = "<group>";
		};
		61B6D44917445C8DA4BF6764 /* Frameworks */ = {
			isa = PBXGroup;
			children = (
				603102C51F08A2C400A77BD3 /* CloudKit.framework */,
				C0FE8FFA6D6EED19187E59CB /* Pods_OverwatchCounters.framework */,
			);
			name = Frameworks;
			sourceTree = "<group>";
		};
/* End PBXGroup section */

/* Begin PBXNativeTarget section */
		601B355B1F1C8BD800BAE388 /* OverwatchCountersTests */ = {
			isa = PBXNativeTarget;
			buildConfigurationList = 601B35631F1C8BD800BAE388 /* Build configuration list for PBXNativeTarget "OverwatchCountersTests" */;
			buildPhases = (
				601B35581F1C8BD800BAE388 /* Sources */,
				601B35591F1C8BD800BAE388 /* Frameworks */,
				601B355A1F1C8BD800BAE388 /* Resources */,
			);
			buildRules = (
			);
			dependencies = (
				601B35621F1C8BD800BAE388 /* PBXTargetDependency */,
			);
			name = OverwatchCountersTests;
			productName = OverwatchCountersTests;
			productReference = 601B355C1F1C8BD800BAE388 /* OverwatchCountersTests.xctest */;
			productType = "com.apple.product-type.bundle.unit-test";
		};
		60AA74811EFA6748003A04C3 /* OverwatchCounters */ = {
			isa = PBXNativeTarget;
			buildConfigurationList = 60AA74941EFA6748003A04C3 /* Build configuration list for PBXNativeTarget "OverwatchCounters" */;
			buildPhases = (
				E251C4FA8B3B8654B0AFA0CA /* [CP] Check Pods Manifest.lock */,
				60AA747E1EFA6748003A04C3 /* Sources */,
				60AA747F1EFA6748003A04C3 /* Frameworks */,
				60AA74801EFA6748003A04C3 /* Resources */,
				67A7E224BD9FBC2C014A8001 /* [CP] Embed Pods Frameworks */,
				972F7A6F2E5B94D1A1BBDD35 /* [CP] Copy Pods Resources */,
			);
			buildRules = (
			);
			dependencies = (
			);
			name = OverwatchCounters;
			productName = OverwatchCounters;
			productReference = 60AA74821EFA6748003A04C3 /* OverwatchCounters.app */;
			productType = "com.apple.product-type.application";
		};
/* End PBXNativeTarget section */

/* Begin PBXProject section */
		60AA747A1EFA6747003A04C3 /* Project object */ = {
			isa = PBXProject;
			attributes = {
				LastSwiftUpdateCheck = 0830;
				LastUpgradeCheck = 0830;
				ORGANIZATIONNAME = "Markim Shaw";
				TargetAttributes = {
					601B355B1F1C8BD800BAE388 = {
						CreatedOnToolsVersion = 8.3.3;
						DevelopmentTeam = 2W3P634BS8;
						ProvisioningStyle = Automatic;
						TestTargetID = 60AA74811EFA6748003A04C3;
					};
					60AA74811EFA6748003A04C3 = {
						CreatedOnToolsVersion = 8.3.3;
						DevelopmentTeam = 2W3P634BS8;
						ProvisioningStyle = Automatic;
						SystemCapabilities = {
							com.apple.Push = {
								enabled = 1;
							};
							com.apple.iCloud = {
								enabled = 1;
							};
						};
					};
				};
			};
			buildConfigurationList = 60AA747D1EFA6747003A04C3 /* Build configuration list for PBXProject "OverwatchCounters" */;
			compatibilityVersion = "Xcode 3.2";
			developmentRegion = English;
			hasScannedForEncodings = 0;
			knownRegions = (
				en,
				Base,
			);
			mainGroup = 60AA74791EFA6747003A04C3;
			productRefGroup = 60AA74831EFA6748003A04C3 /* Products */;
			projectDirPath = "";
			projectRoot = "";
			targets = (
				60AA74811EFA6748003A04C3 /* OverwatchCounters */,
				601B355B1F1C8BD800BAE388 /* OverwatchCountersTests */,
			);
		};
/* End PBXProject section */

/* Begin PBXResourcesBuildPhase section */
		601B355A1F1C8BD800BAE388 /* Resources */ = {
			isa = PBXResourcesBuildPhase;
			buildActionMask = 2147483647;
			files = (
			);
			runOnlyForDeploymentPostprocessing = 0;
		};
		60AA74801EFA6748003A04C3 /* Resources */ = {
			isa = PBXResourcesBuildPhase;
			buildActionMask = 2147483647;
			files = (
				60AA74901EFA6748003A04C3 /* LaunchScreen.storyboard in Resources */,
				60AA748D1EFA6748003A04C3 /* Assets.xcassets in Resources */,
				60E5D4FE1F0D93A30032F107 /* HeroDetail.storyboard in Resources */,
				60AA748B1EFA6748003A04C3 /* Main.storyboard in Resources */,
				60D7DBA41F061AD80019F0E3 /* MainScreen.storyboard in Resources */,
				60009CC61F1CC7ED00CBD841 /* big_noodle_titling.ttf in Resources */,
				60009CC81F1CC80400CBD841 /* big_noodle_titling_oblique.ttf in Resources */,
				60E5D5051F0D96AD0032F107 /* HeroDetailView.xib in Resources */,
			);
			runOnlyForDeploymentPostprocessing = 0;
		};
/* End PBXResourcesBuildPhase section */

/* Begin PBXShellScriptBuildPhase section */
		67A7E224BD9FBC2C014A8001 /* [CP] Embed Pods Frameworks */ = {
			isa = PBXShellScriptBuildPhase;
			buildActionMask = 2147483647;
			files = (
			);
			inputPaths = (
			);
			name = "[CP] Embed Pods Frameworks";
			outputPaths = (
			);
			runOnlyForDeploymentPostprocessing = 0;
			shellPath = /bin/sh;
			shellScript = "\"${SRCROOT}/Pods/Target Support Files/Pods-OverwatchCounters/Pods-OverwatchCounters-frameworks.sh\"\n";
			showEnvVarsInLog = 0;
		};
		972F7A6F2E5B94D1A1BBDD35 /* [CP] Copy Pods Resources */ = {
			isa = PBXShellScriptBuildPhase;
			buildActionMask = 2147483647;
			files = (
			);
			inputPaths = (
			);
			name = "[CP] Copy Pods Resources";
			outputPaths = (
			);
			runOnlyForDeploymentPostprocessing = 0;
			shellPath = /bin/sh;
			shellScript = "\"${SRCROOT}/Pods/Target Support Files/Pods-OverwatchCounters/Pods-OverwatchCounters-resources.sh\"\n";
			showEnvVarsInLog = 0;
		};
		E251C4FA8B3B8654B0AFA0CA /* [CP] Check Pods Manifest.lock */ = {
			isa = PBXShellScriptBuildPhase;
			buildActionMask = 2147483647;
			files = (
			);
			inputPaths = (
			);
			name = "[CP] Check Pods Manifest.lock";
			outputPaths = (
			);
			runOnlyForDeploymentPostprocessing = 0;
			shellPath = /bin/sh;
			shellScript = "diff \"${PODS_ROOT}/../Podfile.lock\" \"${PODS_ROOT}/Manifest.lock\" > /dev/null\nif [ $? != 0 ] ; then\n    # print error to STDERR\n    echo \"error: The sandbox is not in sync with the Podfile.lock. Run 'pod install' or update your CocoaPods installation.\" >&2\n    exit 1\nfi\n";
			showEnvVarsInLog = 0;
		};
/* End PBXShellScriptBuildPhase section */

/* Begin PBXSourcesBuildPhase section */
		601B35581F1C8BD800BAE388 /* Sources */ = {
			isa = PBXSourcesBuildPhase;
			buildActionMask = 2147483647;
			files = (
				601B355F1F1C8BD800BAE388 /* OverwatchCountersTests.swift in Sources */,
			);
			runOnlyForDeploymentPostprocessing = 0;
		};
		60AA747E1EFA6748003A04C3 /* Sources */ = {
			isa = PBXSourcesBuildPhase;
			buildActionMask = 2147483647;
			files = (
				608209851EFA6A9700FE51AC /* CircleView.swift in Sources */,
				60E5D5021F0D96940032F107 /* HeroDetailCollectionViewCell.swift in Sources */,
				60D6F6B71F15C1AA003886EC /* Measure.swift in Sources */,
				603102EC1F09CD4000A77BD3 /* DataController.swift in Sources */,
				6029B1CC1F0A0B42005FF826 /* MainScreenViewController.swift in Sources */,
				6029B1CE1F0A1826005FF826 /* HeroTableViewCell.swift in Sources */,
				603102EA1F08F8C900A77BD3 /* OWCounters.xcdatamodeld in Sources */,
				60AA74881EFA6748003A04C3 /* ViewController.swift in Sources */,
				60E5D5071F146C590032F107 /* HeroCircleView.swift in Sources */,
				60E5D5001F0D951A0032F107 /* HeroDetailViewController.swift in Sources */,
				60AA74861EFA6748003A04C3 /* AppDelegate.swift in Sources */,
				60AA74981EFA67A4003A04C3 /* SplashScreenViewController.swift in Sources */,
			);
			runOnlyForDeploymentPostprocessing = 0;
		};
/* End PBXSourcesBuildPhase section */

/* Begin PBXTargetDependency section */
		601B35621F1C8BD800BAE388 /* PBXTargetDependency */ = {
			isa = PBXTargetDependency;
			target = 60AA74811EFA6748003A04C3 /* OverwatchCounters */;
			targetProxy = 601B35611F1C8BD800BAE388 /* PBXContainerItemProxy */;
		};
/* End PBXTargetDependency section */

/* Begin PBXVariantGroup section */
		60AA74891EFA6748003A04C3 /* Main.storyboard */ = {
			isa = PBXVariantGroup;
			children = (
				60AA748A1EFA6748003A04C3 /* Base */,
			);
			name = Main.storyboard;
			sourceTree = "<group>";
		};
		60AA748E1EFA6748003A04C3 /* LaunchScreen.storyboard */ = {
			isa = PBXVariantGroup;
			children = (
				60AA748F1EFA6748003A04C3 /* Base */,
			);
			name = LaunchScreen.storyboard;
			sourceTree = "<group>";
		};
/* End PBXVariantGroup section */

/* Begin XCBuildConfiguration section */
		601B35641F1C8BD800BAE388 /* Debug */ = {
			isa = XCBuildConfiguration;
			buildSettings = {
				BUNDLE_LOADER = "$(TEST_HOST)";
				DEVELOPMENT_TEAM = 2W3P634BS8;
				INFOPLIST_FILE = OverwatchCountersTests/Info.plist;
				LD_RUNPATH_SEARCH_PATHS = "$(inherited) @executable_path/Frameworks @loader_path/Frameworks";
				PRODUCT_BUNDLE_IDENTIFIER = com.80db.OverwatchCountersTests;
				PRODUCT_NAME = "$(TARGET_NAME)";
				SWIFT_VERSION = 3.0;
				TEST_HOST = "$(BUILT_PRODUCTS_DIR)/OverwatchCounters.app/OverwatchCounters";
			};
			name = Debug;
		};
		601B35651F1C8BD800BAE388 /* Release */ = {
			isa = XCBuildConfiguration;
			buildSettings = {
				BUNDLE_LOADER = "$(TEST_HOST)";
				DEVELOPMENT_TEAM = 2W3P634BS8;
				INFOPLIST_FILE = OverwatchCountersTests/Info.plist;
				LD_RUNPATH_SEARCH_PATHS = "$(inherited) @executable_path/Frameworks @loader_path/Frameworks";
				PRODUCT_BUNDLE_IDENTIFIER = com.80db.OverwatchCountersTests;
				PRODUCT_NAME = "$(TARGET_NAME)";
				SWIFT_VERSION = 3.0;
				TEST_HOST = "$(BUILT_PRODUCTS_DIR)/OverwatchCounters.app/OverwatchCounters";
			};
			name = Release;
		};
		60AA74921EFA6748003A04C3 /* Debug */ = {
			isa = XCBuildConfiguration;
			buildSettings = {
				ALWAYS_SEARCH_USER_PATHS = NO;
				CLANG_ANALYZER_NONNULL = YES;
				CLANG_ANALYZER_NUMBER_OBJECT_CONVERSION = YES_AGGRESSIVE;
				CLANG_CXX_LANGUAGE_STANDARD = "gnu++0x";
				CLANG_CXX_LIBRARY = "libc++";
				CLANG_ENABLE_MODULES = YES;
				CLANG_ENABLE_OBJC_ARC = YES;
				CLANG_WARN_BOOL_CONVERSION = YES;
				CLANG_WARN_CONSTANT_CONVERSION = YES;
				CLANG_WARN_DIRECT_OBJC_ISA_USAGE = YES_ERROR;
				CLANG_WARN_DOCUMENTATION_COMMENTS = YES;
				CLANG_WARN_EMPTY_BODY = YES;
				CLANG_WARN_ENUM_CONVERSION = YES;
				CLANG_WARN_INFINITE_RECURSION = YES;
				CLANG_WARN_INT_CONVERSION = YES;
				CLANG_WARN_OBJC_ROOT_CLASS = YES_ERROR;
				CLANG_WARN_SUSPICIOUS_MOVE = YES;
				CLANG_WARN_UNREACHABLE_CODE = YES;
				CLANG_WARN__DUPLICATE_METHOD_MATCH = YES;
				"CODE_SIGN_IDENTITY[sdk=iphoneos*]" = "iPhone Developer";
				COPY_PHASE_STRIP = NO;
				DEBUG_INFORMATION_FORMAT = dwarf;
				ENABLE_STRICT_OBJC_MSGSEND = YES;
				ENABLE_TESTABILITY = YES;
				GCC_C_LANGUAGE_STANDARD = gnu99;
				GCC_DYNAMIC_NO_PIC = NO;
				GCC_NO_COMMON_BLOCKS = YES;
				GCC_OPTIMIZATION_LEVEL = 0;
				GCC_PREPROCESSOR_DEFINITIONS = (
					"DEBUG=1",
					"$(inherited)",
				);
				GCC_WARN_64_TO_32_BIT_CONVERSION = YES;
				GCC_WARN_ABOUT_RETURN_TYPE = YES_ERROR;
				GCC_WARN_UNDECLARED_SELECTOR = YES;
				GCC_WARN_UNINITIALIZED_AUTOS = YES_AGGRESSIVE;
				GCC_WARN_UNUSED_FUNCTION = YES;
				GCC_WARN_UNUSED_VARIABLE = YES;
				IPHONEOS_DEPLOYMENT_TARGET = 10.3;
				MTL_ENABLE_DEBUG_INFO = YES;
				ONLY_ACTIVE_ARCH = YES;
				SDKROOT = iphoneos;
				SWIFT_ACTIVE_COMPILATION_CONDITIONS = DEBUG;
				SWIFT_OPTIMIZATION_LEVEL = "-Onone";
				TARGETED_DEVICE_FAMILY = "1,2";
			};
			name = Debug;
		};
		60AA74931EFA6748003A04C3 /* Release */ = {
			isa = XCBuildConfiguration;
			buildSettings = {
				ALWAYS_SEARCH_USER_PATHS = NO;
				CLANG_ANALYZER_NONNULL = YES;
				CLANG_ANALYZER_NUMBER_OBJECT_CONVERSION = YES_AGGRESSIVE;
				CLANG_CXX_LANGUAGE_STANDARD = "gnu++0x";
				CLANG_CXX_LIBRARY = "libc++";
				CLANG_ENABLE_MODULES = YES;
				CLANG_ENABLE_OBJC_ARC = YES;
				CLANG_WARN_BOOL_CONVERSION = YES;
				CLANG_WARN_CONSTANT_CONVERSION = YES;
				CLANG_WARN_DIRECT_OBJC_ISA_USAGE = YES_ERROR;
				CLANG_WARN_DOCUMENTATION_COMMENTS = YES;
				CLANG_WARN_EMPTY_BODY = YES;
				CLANG_WARN_ENUM_CONVERSION = YES;
				CLANG_WARN_INFINITE_RECURSION = YES;
				CLANG_WARN_INT_CONVERSION = YES;
				CLANG_WARN_OBJC_ROOT_CLASS = YES_ERROR;
				CLANG_WARN_SUSPICIOUS_MOVE = YES;
				CLANG_WARN_UNREACHABLE_CODE = YES;
				CLANG_WARN__DUPLICATE_METHOD_MATCH = YES;
				"CODE_SIGN_IDENTITY[sdk=iphoneos*]" = "iPhone Developer";
				COPY_PHASE_STRIP = NO;
				DEBUG_INFORMATION_FORMAT = "dwarf-with-dsym";
				ENABLE_NS_ASSERTIONS = NO;
				ENABLE_STRICT_OBJC_MSGSEND = YES;
				GCC_C_LANGUAGE_STANDARD = gnu99;
				GCC_NO_COMMON_BLOCKS = YES;
				GCC_WARN_64_TO_32_BIT_CONVERSION = YES;
				GCC_WARN_ABOUT_RETURN_TYPE = YES_ERROR;
				GCC_WARN_UNDECLARED_SELECTOR = YES;
				GCC_WARN_UNINITIALIZED_AUTOS = YES_AGGRESSIVE;
				GCC_WARN_UNUSED_FUNCTION = YES;
				GCC_WARN_UNUSED_VARIABLE = YES;
				IPHONEOS_DEPLOYMENT_TARGET = 10.3;
				MTL_ENABLE_DEBUG_INFO = NO;
				SDKROOT = iphoneos;
				SWIFT_OPTIMIZATION_LEVEL = "-Owholemodule";
				TARGETED_DEVICE_FAMILY = "1,2";
				VALIDATE_PRODUCT = YES;
			};
			name = Release;
		};
		60AA74951EFA6748003A04C3 /* Debug */ = {
			isa = XCBuildConfiguration;
			baseConfigurationReference = 060D8128E9AA70CE791CDDBD /* Pods-OverwatchCounters.debug.xcconfig */;
			buildSettings = {
				ASSETCATALOG_COMPILER_APPICON_NAME = AppIcon;
				CODE_SIGN_ENTITLEMENTS = OverwatchCounters/OverwatchCounters.entitlements;
				DEVELOPMENT_TEAM = 2W3P634BS8;
				INFOPLIST_FILE = OverwatchCounters/Info.plist;
				IPHONEOS_DEPLOYMENT_TARGET = 10.0;
				LD_RUNPATH_SEARCH_PATHS = "$(inherited) @executable_path/Frameworks";
				PRODUCT_BUNDLE_IDENTIFIER = com.80db.OverwatchCounters;
				PRODUCT_NAME = "$(TARGET_NAME)";
				SWIFT_VERSION = 3.0;
				TARGETED_DEVICE_FAMILY = 1;
			};
			name = Debug;
		};
		60AA74961EFA6748003A04C3 /* Release */ = {
			isa = XCBuildConfiguration;
			baseConfigurationReference = 8706915B8F2B6FC5B880976C /* Pods-OverwatchCounters.release.xcconfig */;
			buildSettings = {
				ASSETCATALOG_COMPILER_APPICON_NAME = AppIcon;
				CODE_SIGN_ENTITLEMENTS = OverwatchCounters/OverwatchCounters.entitlements;
				DEVELOPMENT_TEAM = 2W3P634BS8;
				INFOPLIST_FILE = OverwatchCounters/Info.plist;
				IPHONEOS_DEPLOYMENT_TARGET = 10.0;
				LD_RUNPATH_SEARCH_PATHS = "$(inherited) @executable_path/Frameworks";
				PRODUCT_BUNDLE_IDENTIFIER = com.80db.OverwatchCounters;
				PRODUCT_NAME = "$(TARGET_NAME)";
				SWIFT_VERSION = 3.0;
				TARGETED_DEVICE_FAMILY = 1;
			};
			name = Release;
		};
/* End XCBuildConfiguration section */

/* Begin XCConfigurationList section */
		601B35631F1C8BD800BAE388 /* Build configuration list for PBXNativeTarget "OverwatchCountersTests" */ = {
			isa = XCConfigurationList;
			buildConfigurations = (
				601B35641F1C8BD800BAE388 /* Debug */,
				601B35651F1C8BD800BAE388 /* Release */,
			);
			defaultConfigurationIsVisible = 0;
			defaultConfigurationName = Release;
		};
		60AA747D1EFA6747003A04C3 /* Build configuration list for PBXProject "OverwatchCounters" */ = {
			isa = XCConfigurationList;
			buildConfigurations = (
				60AA74921EFA6748003A04C3 /* Debug */,
				60AA74931EFA6748003A04C3 /* Release */,
			);
			defaultConfigurationIsVisible = 0;
			defaultConfigurationName = Release;
		};
		60AA74941EFA6748003A04C3 /* Build configuration list for PBXNativeTarget "OverwatchCounters" */ = {
			isa = XCConfigurationList;
			buildConfigurations = (
				60AA74951EFA6748003A04C3 /* Debug */,
				60AA74961EFA6748003A04C3 /* Release */,
			);
			defaultConfigurationIsVisible = 0;
			defaultConfigurationName = Release;
		};
/* End XCConfigurationList section */

/* Begin XCVersionGroup section */
		603102E81F08F8C900A77BD3 /* OWCounters.xcdatamodeld */ = {
			isa = XCVersionGroup;
			children = (
				603102E91F08F8C900A77BD3 /* OWCounters.xcdatamodel */,
			);
			currentVersion = 603102E91F08F8C900A77BD3 /* OWCounters.xcdatamodel */;
			path = OWCounters.xcdatamodeld;
			sourceTree = "<group>";
			versionGroupType = wrapper.xcdatamodel;
		};
/* End XCVersionGroup section */
	};
	rootObject = 60AA747A1EFA6747003A04C3 /* Project object */;
}
